
Microsoft Visual Studio Solution File, Format Version 12.00
# Visual Studio Version 16
VisualStudioVersion = 16.0.28803.352
MinimumVisualStudioVersion = 10.0.40219.1
Project("{9A19103F-16F7-4668-BE54-9A1E7A4F7556}") = "Hein.Framework.Processing", "Hein.Framework.Processing\Hein.Framework.Processing.csproj", "{DED9A418-3FD8-46A7-9496-17774ABF6BED}"
EndProject
Project("{9A19103F-16F7-4668-BE54-9A1E7A4F7556}") = "Hein.Framework.Processing.Tests", "Hein.Framework.Processing.Tests\Hein.Framework.Processing.Tests.csproj", "{879FBD1D-C480-4EF6-B768-05DBC4CDC798}"
EndProject
Project("{2150E333-8FDC-42A3-9474-1A3956D46DE8}") = "Solution Items", "Solution Items", "{33C33196-8A4F-482F-9B58-1BE629D5990D}"
	ProjectSection(SolutionItems) = preProject
		README.md = README.md
	EndProjectSection
EndProject
Global
	GlobalSection(SolutionConfigurationPlatforms) = preSolution
		Debug|Any CPU = Debug|Any CPU
		Release|Any CPU = Release|Any CPU
	EndGlobalSection
	GlobalSection(ProjectConfigurationPlatforms) = postSolution
		{DED9A418-3FD8-46A7-9496-17774ABF6BED}.Debug|Any CPU.ActiveCfg = Debug|Any CPU
		{DED9A418-3FD8-46A7-9496-17774ABF6BED}.Debug|Any CPU.Build.0 = Debug|Any CPU
		{DED9A418-3FD8-46A7-9496-17774ABF6BED}.Release|Any CPU.ActiveCfg = Release|Any CPU
		{DED9A418-3FD8-46A7-9496-17774ABF6BED}.Release|Any CPU.Build.0 = Release|Any CPU
		{879FBD1D-C480-4EF6-B768-05DBC4CDC798}.Debug|Any CPU.ActiveCfg = Debug|Any CPU
		{879FBD1D-C480-4EF6-B768-05DBC4CDC798}.Debug|Any CPU.Build.0 = Debug|Any CPU
		{879FBD1D-C480-4EF6-B768-05DBC4CDC798}.Release|Any CPU.ActiveCfg = Release|Any CPU
		{879FBD1D-C480-4EF6-B768-05DBC4CDC798}.Release|Any CPU.Build.0 = Release|Any CPU
	EndGlobalSection
	GlobalSection(SolutionProperties) = preSolution
		HideSolutionNode = FALSE
	EndGlobalSection
	GlobalSection(ExtensibilityGlobals) = postSolution
		SolutionGuid = {46EAB591-27D1-4C18-974E-9DEF66E4754C}
	EndGlobalSection
EndGlobal
